
Microsoft Visual Studio Solution File, Format Version 12.00
# Visual Studio Version 16
VisualStudioVersion = 16.0.30128.74
MinimumVisualStudioVersion = 10.0.40219.1
Project("{FAE04EC0-301F-11D3-BF4B-00C04F79EFBC}") = "WPFDemo", "WPFDemo\WPFDemo.csproj", "{17EB33D2-2C7C-402E-8ADA-C077EE836759}"
EndProject
Global
	GlobalSection(SolutionConfigurationPlatforms) = preSolution
		Debug|Any CPU = Debug|Any CPU
		Release|Any CPU = Release|Any CPU
	EndGlobalSection
	GlobalSection(ProjectConfigurationPlatforms) = postSolution
		{17EB33D2-2C7C-402E-8ADA-C077EE836759}.Debug|Any CPU.ActiveCfg = Debug|Any CPU
		{17EB33D2-2C7C-402E-8ADA-C077EE836759}.Debug|Any CPU.Build.0 = Debug|Any CPU
		{17EB33D2-2C7C-402E-8ADA-C077EE836759}.Release|Any CPU.ActiveCfg = Release|Any CPU
		{17EB33D2-2C7C-402E-8ADA-C077EE836759}.Release|Any CPU.Build.0 = Release|Any CPU
	EndGlobalSection
	GlobalSection(SolutionProperties) = preSolution
		HideSolutionNode = FALSE
	EndGlobalSection
	GlobalSection(ExtensibilityGlobals) = postSolution
		SolutionGuid = {3FA47847-0A0C-44E6-9998-FB82D76E570C}
	EndGlobalSection
EndGlobal
